Microsoft Visual Studio Solution File, Format Version 11.00
# Visual Studio 2008

Project("{2BDC2150-F2AC-B503-F06A-A76470C6D6B6}") = "VirtualOne", "Assembly-CSharp.csproj", "{C33B7E9E-3926-C0AB-9F8A-BF3BB5D84B95}"
EndProject
Project("{2BDC2150-F2AC-B503-F06A-A76470C6D6B6}") = "VirtualOne", "Assembly-CSharp-Editor.csproj", "{CCB02616-E944-B4AC-6C22-49B6F624FD33}"
EndProject
Global
	GlobalSection(SolutionConfigurationPlatforms) = preSolution
		Debug|Any CPU = Debug|Any CPU
		Release|Any CPU = Release|Any CPU
	EndGlobalSection
	GlobalSection(ProjectConfigurationPlatforms) = postSolution
		{C33B7E9E-3926-C0AB-9F8A-BF3BB5D84B95}.Debug|Any CPU.ActiveCfg = Debug|Any CPU
		{C33B7E9E-3926-C0AB-9F8A-BF3BB5D84B95}.Debug|Any CPU.Build.0 = Debug|Any CPU
		{C33B7E9E-3926-C0AB-9F8A-BF3BB5D84B95}.Release|Any CPU.ActiveCfg = Release|Any CPU
		{C33B7E9E-3926-C0AB-9F8A-BF3BB5D84B95}.Release|Any CPU.Build.0 = Release|Any CPU
		{CCB02616-E944-B4AC-6C22-49B6F624FD33}.Debug|Any CPU.ActiveCfg = Debug|Any CPU
		{CCB02616-E944-B4AC-6C22-49B6F624FD33}.Debug|Any CPU.Build.0 = Debug|Any CPU
		{CCB02616-E944-B4AC-6C22-49B6F624FD33}.Release|Any CPU.ActiveCfg = Release|Any CPU
		{CCB02616-E944-B4AC-6C22-49B6F624FD33}.Release|Any CPU.Build.0 = Release|Any CPU
	EndGlobalSection
	GlobalSection(SolutionProperties) = preSolution
		HideSolutionNode = FALSE
	EndGlobalSection
	GlobalSection(MonoDevelopProperties) = preSolution
		StartupItem = Assembly-CSharp.csproj
	EndGlobalSection
EndGlobal
