
Microsoft Visual Studio Solution File, Format Version 12.00
# Visual Studio 2015
Project("{FAE04EC0-301F-11D3-BF4B-00C04F79EFBC}") = "VirtualOne.CSharp", "VirtualOne.CSharp.csproj", "{CFFFBA9F-0AAB-CF0A-BDB9-95EF3A7B6408}"
EndProject
Project("{FAE04EC0-301F-11D3-BF4B-00C04F79EFBC}") = "VirtualOne.CSharp.Editor", "VirtualOne.CSharp.Editor.csproj", "{880B27CE-A48E-55C0-7872-51EDBA9AE2CF}"
EndProject
Global
	GlobalSection(SolutionConfigurationPlatforms) = preSolution
		Debug|Any CPU = Debug|Any CPU
		Release|Any CPU = Release|Any CPU
	EndGlobalSection
	GlobalSection(ProjectConfigurationPlatforms) = postSolution
		{CFFFBA9F-0AAB-CF0A-BDB9-95EF3A7B6408}.Debug|Any CPU.ActiveCfg = Debug|Any CPU
		{CFFFBA9F-0AAB-CF0A-BDB9-95EF3A7B6408}.Debug|Any CPU.Build.0 = Debug|Any CPU
		{CFFFBA9F-0AAB-CF0A-BDB9-95EF3A7B6408}.Release|Any CPU.ActiveCfg = Release|Any CPU
		{CFFFBA9F-0AAB-CF0A-BDB9-95EF3A7B6408}.Release|Any CPU.Build.0 = Release|Any CPU
		{880B27CE-A48E-55C0-7872-51EDBA9AE2CF}.Debug|Any CPU.ActiveCfg = Debug|Any CPU
		{880B27CE-A48E-55C0-7872-51EDBA9AE2CF}.Debug|Any CPU.Build.0 = Debug|Any CPU
		{880B27CE-A48E-55C0-7872-51EDBA9AE2CF}.Release|Any CPU.ActiveCfg = Release|Any CPU
		{880B27CE-A48E-55C0-7872-51EDBA9AE2CF}.Release|Any CPU.Build.0 = Release|Any CPU
	EndGlobalSection
	GlobalSection(SolutionProperties) = preSolution
		HideSolutionNode = FALSE
	EndGlobalSection
EndGlobal
