
Microsoft Visual Studio Solution File, Format Version 12.00
# Visual Studio 2015
Project("{FAE04EC0-301F-11D3-BF4B-00C04F79EFBC}") = "VirturalOne.CSharp", "VirturalOne.CSharp.csproj", "{8D26D1B5-F6C0-72F3-B564-3510574CD676}"
EndProject
Project("{FAE04EC0-301F-11D3-BF4B-00C04F79EFBC}") = "VirturalOne.CSharp.Editor", "VirturalOne.CSharp.Editor.csproj", "{DDAC2512-63D0-22BD-4CB5-3C6B3F5FF121}"
EndProject
Global
	GlobalSection(SolutionConfigurationPlatforms) = preSolution
		Debug|Any CPU = Debug|Any CPU
		Release|Any CPU = Release|Any CPU
	EndGlobalSection
	GlobalSection(ProjectConfigurationPlatforms) = postSolution
		{8D26D1B5-F6C0-72F3-B564-3510574CD676}.Debug|Any CPU.ActiveCfg = Debug|Any CPU
		{8D26D1B5-F6C0-72F3-B564-3510574CD676}.Debug|Any CPU.Build.0 = Debug|Any CPU
		{8D26D1B5-F6C0-72F3-B564-3510574CD676}.Release|Any CPU.ActiveCfg = Release|Any CPU
		{8D26D1B5-F6C0-72F3-B564-3510574CD676}.Release|Any CPU.Build.0 = Release|Any CPU
		{DDAC2512-63D0-22BD-4CB5-3C6B3F5FF121}.Debug|Any CPU.ActiveCfg = Debug|Any CPU
		{DDAC2512-63D0-22BD-4CB5-3C6B3F5FF121}.Debug|Any CPU.Build.0 = Debug|Any CPU
		{DDAC2512-63D0-22BD-4CB5-3C6B3F5FF121}.Release|Any CPU.ActiveCfg = Release|Any CPU
		{DDAC2512-63D0-22BD-4CB5-3C6B3F5FF121}.Release|Any CPU.Build.0 = Release|Any CPU
	EndGlobalSection
	GlobalSection(SolutionProperties) = preSolution
		HideSolutionNode = FALSE
	EndGlobalSection
EndGlobal
